// !$*UTF8*$!
{
	archiveVersion = 1;
	classes = {
	};
	objectVersion = 46;
	objects = {

/* Begin PBXBuildFile section */
		0C0074291C725D91008E9652 /* LoginViewController.swift in Sources */ = {isa = PBXBuildFile; fileRef = 0C0074281C725D91008E9652 /* LoginViewController.swift */; };
		0C1A9A321C7CA93600C5658F /* ErrorHandler.swift in Sources */ = {isa = PBXBuildFile; fileRef = 0C1A9A311C7CA93600C5658F /* ErrorHandler.swift */; };
		0C2346011C8B6FC100250B3E /* SelectPhotos.storyboard in Resources */ = {isa = PBXBuildFile; fileRef = 0C2346001C8B6FC100250B3E /* SelectPhotos.storyboard */; };
		0C2346031C8B70B400250B3E /* SelectPhotosViewController.swift in Sources */ = {isa = PBXBuildFile; fileRef = 0C2346021C8B70B400250B3E /* SelectPhotosViewController.swift */; };
		0C2346061C8BB64D00250B3E /* DownImage.swift in Sources */ = {isa = PBXBuildFile; fileRef = 0C2346051C8BB64D00250B3E /* DownImage.swift */; };
		0C3DBAEF1C6C13AA00401A2E /* AppDelegate.swift in Sources */ = {isa = PBXBuildFile; fileRef = 0C3DBAEE1C6C13AA00401A2E /* AppDelegate.swift */; };
		0C3DBAF11C6C13AA00401A2E /* MapViewController.swift in Sources */ = {isa = PBXBuildFile; fileRef = 0C3DBAF01C6C13AA00401A2E /* MapViewController.swift */; };
		0C3DBAF41C6C13AA00401A2E /* Main.storyboard in Resources */ = {isa = PBXBuildFile; fileRef = 0C3DBAF21C6C13AA00401A2E /* Main.storyboard */; };
		0C3DBAF61C6C13AA00401A2E /* Assets.xcassets in Resources */ = {isa = PBXBuildFile; fileRef = 0C3DBAF51C6C13AA00401A2E /* Assets.xcassets */; };
		0C3DBAF91C6C13AA00401A2E /* LaunchScreen.storyboard in Resources */ = {isa = PBXBuildFile; fileRef = 0C3DBAF71C6C13AA00401A2E /* LaunchScreen.storyboard */; };
		0C3DBB041C6C13AA00401A2E /* barrTests.swift in Sources */ = {isa = PBXBuildFile; fileRef = 0C3DBB031C6C13AA00401A2E /* barrTests.swift */; };
		0C3E1CD71C8A87C300BF5B81 /* extension.swift in Sources */ = {isa = PBXBuildFile; fileRef = 0C3E1CD61C8A87C300BF5B81 /* extension.swift */; };
		0C3EA74A1C713A9D0039193B /* Account.storyboard in Resources */ = {isa = PBXBuildFile; fileRef = 0C3EA7491C713A9D0039193B /* Account.storyboard */; };
		0C44C62F1C7BCC3C00B8DF41 /* UserInfo.swift in Sources */ = {isa = PBXBuildFile; fileRef = 0C44C62E1C7BCC3C00B8DF41 /* UserInfo.swift */; };
		0C44C6311C7BCC4B00B8DF41 /* Circle.swift in Sources */ = {isa = PBXBuildFile; fileRef = 0C44C6301C7BCC4B00B8DF41 /* Circle.swift */; };
		0C44C6371C7BCC8700B8DF41 /* Location.swift in Sources */ = {isa = PBXBuildFile; fileRef = 0C44C6361C7BCC8700B8DF41 /* Location.swift */; };
		0C44DD2C1C6FE70D00B88039 /* AccountViewController.swift in Sources */ = {isa = PBXBuildFile; fileRef = 0C44DD2B1C6FE70D00B88039 /* AccountViewController.swift */; };
		0C4E6A3D1C801E1F0092AE08 /* Chat.swift in Sources */ = {isa = PBXBuildFile; fileRef = 0C4E6A3C1C801E1F0092AE08 /* Chat.swift */; };
		0C4F14661C80990E0024105D /* CircleViewController.swift in Sources */ = {isa = PBXBuildFile; fileRef = 0C4F14651C80990E0024105D /* CircleViewController.swift */; };
		0C4F14671C80A1350024105D /* JoinCircle.storyboard in Resources */ = {isa = PBXBuildFile; fileRef = 0C1A9A331C7CFCBF00C5658F /* JoinCircle.storyboard */; };
		0C4F146B1C811B7D0024105D /* PhotoCollectionViewCell.swift in Sources */ = {isa = PBXBuildFile; fileRef = 0C4F146A1C811B7D0024105D /* PhotoCollectionViewCell.swift */; };
		0C5694581CA2E862001C4EA7 /* SelectAlbumViewController.swift in Sources */ = {isa = PBXBuildFile; fileRef = 0C5694571CA2E862001C4EA7 /* SelectAlbumViewController.swift */; };
		0C5CBD3C1C8D2D360057B0C4 /* FacebookPhotoCell.swift in Sources */ = {isa = PBXBuildFile; fileRef = 0C5CBD3B1C8D2D360057B0C4 /* FacebookPhotoCell.swift */; };
		0C5CBD3F1C8FD7E20057B0C4 /* FacebookPhotoCellInfo.swift in Sources */ = {isa = PBXBuildFile; fileRef = 0C5CBD3E1C8FD7E20057B0C4 /* FacebookPhotoCellInfo.swift */; };
		0CAB945A1CAD9D430095D858 /* Feed.storyboard in Resources */ = {isa = PBXBuildFile; fileRef = 0CAB94591CAD9D430095D858 /* Feed.storyboard */; };
		0CAB945C1CADA2C90095D858 /* FeedTableViewCell.swift in Sources */ = {isa = PBXBuildFile; fileRef = 0CAB945B1CADA2C90095D858 /* FeedTableViewCell.swift */; };
		0CAB94601CADABBD0095D858 /* FeedViewController.swift in Sources */ = {isa = PBXBuildFile; fileRef = 0CAB945F1CADABBD0095D858 /* FeedViewController.swift */; };
		0CAB94691CAF35EC0095D858 /* Lobster.otf in Resources */ = {isa = PBXBuildFile; fileRef = 0CAB94671CAF35EC0095D858 /* Lobster.otf */; };
		0CAB946A1CAF3B880095D858 /* PrintBold.otf in Resources */ = {isa = PBXBuildFile; fileRef = 0CAB94661CAF35EC0095D858 /* PrintBold.otf */; };
		0CAE28711C776B4400CE4F92 /* Auth.swift in Sources */ = {isa = PBXBuildFile; fileRef = 0CAE28701C776B4400CE4F92 /* Auth.swift */; };
		0CAE28731C78C72E00CE4F92 /* Login.storyboard in Resources */ = {isa = PBXBuildFile; fileRef = 0CAE28721C78C72E00CE4F92 /* Login.storyboard */; };
		0CC194661C92AA8000F3BD7A /* GMSMarkerLocation.swift in Sources */ = {isa = PBXBuildFile; fileRef = 0CC194651C92AA8000F3BD7A /* GMSMarkerLocation.swift */; };
		0CC1946A1C97150E00F3BD7A /* LocationTracker.swift in Sources */ = {isa = PBXBuildFile; fileRef = 0CC194691C97150E00F3BD7A /* LocationTracker.swift */; };
		0CD31D331CB08C50004DF1F3 /* MyTabBarController.swift in Sources */ = {isa = PBXBuildFile; fileRef = 0CD31D321CB08C50004DF1F3 /* MyTabBarController.swift */; };
		0CD31D371CB22FB7004DF1F3 /* MyNavBarController.swift in Sources */ = {isa = PBXBuildFile; fileRef = 0CD31D361CB22FB7004DF1F3 /* MyNavBarController.swift */; };
		0CD760051CA23B9500A811A1 /* AccountPictureCell.swift in Sources */ = {isa = PBXBuildFile; fileRef = 0CD760041CA23B9500A811A1 /* AccountPictureCell.swift */; };
		0CDF95611C9CE8D3007631AB /* UserPhotoCell.swift in Sources */ = {isa = PBXBuildFile; fileRef = 0CDF95601C9CE8D3007631AB /* UserPhotoCell.swift */; };
		0CDF95631C9CE92A007631AB /* UserCellPhotoInfo.swift in Sources */ = {isa = PBXBuildFile; fileRef = 0CDF95621C9CE92A007631AB /* UserCellPhotoInfo.swift */; };
		0CE32B4D1C759E3000C61F98 /* Alamofire.swift in Sources */ = {isa = PBXBuildFile; fileRef = 0CE32B4C1C759E3000C61F98 /* Alamofire.swift */; };
		0CEA2AA91C82926800EA2631 /* Me.swift in Sources */ = {isa = PBXBuildFile; fileRef = 0CEA2AA81C82926800EA2631 /* Me.swift */; };
		203053121C8AA78E00FCC5DC /* ChatList.storyboard in Resources */ = {isa = PBXBuildFile; fileRef = 203053111C8AA78E00FCC5DC /* ChatList.storyboard */; };
		203053141C8AAF2100FCC5DC /* ChatListTableViewCell.swift in Sources */ = {isa = PBXBuildFile; fileRef = 203053131C8AAF2100FCC5DC /* ChatListTableViewCell.swift */; };
		203053161C8BD01D00FCC5DC /* ChatListViewController.swift in Sources */ = {isa = PBXBuildFile; fileRef = 203053151C8BD01D00FCC5DC /* ChatListViewController.swift */; };
		203053181C8CE0F100FCC5DC /* SingleChat.storyboard in Resources */ = {isa = PBXBuildFile; fileRef = 203053171C8CE0F100FCC5DC /* SingleChat.storyboard */; };
		203B828E1C82B5B900711838 /* SocketManager.swift in Sources */ = {isa = PBXBuildFile; fileRef = 203B828D1C82B5B900711838 /* SocketManager.swift */; };
		203B82901C83FBCC00711838 /* ChatManager.swift in Sources */ = {isa = PBXBuildFile; fileRef = 203B828F1C83FBCC00711838 /* ChatManager.swift */; };
		203B82921C8406EB00711838 /* Message.swift in Sources */ = {isa = PBXBuildFile; fileRef = 203B82911C8406EB00711838 /* Message.swift */; };
		203B82961C85804800711838 /* ChatViewController.swift in Sources */ = {isa = PBXBuildFile; fileRef = 203B82951C85804800711838 /* ChatViewController.swift */; };
		203B82981C858EC100711838 /* MessageTableViewCell.swift in Sources */ = {isa = PBXBuildFile; fileRef = 203B82971C858EC100711838 /* MessageTableViewCell.swift */; };
		207FCF2F1CA0E8FB0077BB35 /* InitialScreen.storyboard in Resources */ = {isa = PBXBuildFile; fileRef = 207FCF2E1CA0E8FB0077BB35 /* InitialScreen.storyboard */; };
		207FCF351CA9F59F0077BB35 /* InitialScreenViewController.swift in Sources */ = {isa = PBXBuildFile; fileRef = 207FCF341CA9F59F0077BB35 /* InitialScreenViewController.swift */; };
		207FCF391CA9FD890077BB35 /* UserProfile.storyboard in Resources */ = {isa = PBXBuildFile; fileRef = 207FCF381CA9FD890077BB35 /* UserProfile.storyboard */; };
		207FCF3B1CAA025C0077BB35 /* UserProfileViewController.swift in Sources */ = {isa = PBXBuildFile; fileRef = 207FCF3A1CAA025C0077BB35 /* UserProfileViewController.swift */; };
		20E4894F1C9272FC00ED8FB0 /* helper.swift in Sources */ = {isa = PBXBuildFile; fileRef = 20E4894E1C9272FC00ED8FB0 /* helper.swift */; };
		6C53F475284FCDC6D9E0BB24 /* Pods_barr.framework in Frameworks */ = {isa = PBXBuildFile; fileRef = 1E57B0860CCB306E6589A125 /* Pods_barr.framework */; };
/* End PBXBuildFile section */

/* Begin PBXContainerItemProxy section */
		0C3DBB001C6C13AA00401A2E /* PBXContainerItemProxy */ = {
			isa = PBXContainerItemProxy;
			containerPortal = 0C3DBAE31C6C13AA00401A2E /* Project object */;
			proxyType = 1;
			remoteGlobalIDString = 0C3DBAEA1C6C13AA00401A2E;
			remoteInfo = barr;
		};
/* End PBXContainerItemProxy section */

/* Begin PBXFileReference section */
		0C0074281C725D91008E9652 /* LoginViewController.swift */ = {isa = PBXFileReference; fileEncoding = 4; lastKnownFileType = sourcecode.swift; path = LoginViewController.swift; sourceTree = "<group>"; };
		0C1A9A311C7CA93600C5658F /* ErrorHandler.swift */ = {isa = PBXFileReference; fileEncoding = 4; lastKnownFileType = sourcecode.swift; path = ErrorHandler.swift; sourceTree = "<group>"; };
		0C1A9A331C7CFCBF00C5658F /* JoinCircle.storyboard */ = {isa = PBXFileReference; fileEncoding = 4; lastKnownFileType = file.storyboard; path = JoinCircle.storyboard; sourceTree = "<group>"; };
		0C2346001C8B6FC100250B3E /* SelectPhotos.storyboard */ = {isa = PBXFileReference; fileEncoding = 4; lastKnownFileType = file.storyboard; path = SelectPhotos.storyboard; sourceTree = "<group>"; };
		0C2346021C8B70B400250B3E /* SelectPhotosViewController.swift */ = {isa = PBXFileReference; fileEncoding = 4; lastKnownFileType = sourcecode.swift; path = SelectPhotosViewController.swift; sourceTree = "<group>"; };
		0C2346051C8BB64D00250B3E /* DownImage.swift */ = {isa = PBXFileReference; fileEncoding = 4; lastKnownFileType = sourcecode.swift; path = DownImage.swift; sourceTree = "<group>"; };
		0C3DBAEB1C6C13AA00401A2E /* barr.app */ = {isa = PBXFileReference; explicitFileType = wrapper.application; includeInIndex = 0; path = barr.app; sourceTree = BUILT_PRODUCTS_DIR; };
		0C3DBAEE1C6C13AA00401A2E /* AppDelegate.swift */ = {isa = PBXFileReference; lastKnownFileType = sourcecode.swift; path = AppDelegate.swift; sourceTree = "<group>"; };
		0C3DBAF01C6C13AA00401A2E /* MapViewController.swift */ = {isa = PBXFileReference; lastKnownFileType = sourcecode.swift; path = MapViewController.swift; sourceTree = "<group>"; };
		0C3DBAF31C6C13AA00401A2E /* Base */ = {isa = PBXFileReference; lastKnownFileType = file.storyboard; name = Base; path = Base.lproj/Main.storyboard; sourceTree = "<group>"; };
		0C3DBAF51C6C13AA00401A2E /* Assets.xcassets */ = {isa = PBXFileReference; lastKnownFileType = folder.assetcatalog; path = Assets.xcassets; sourceTree = "<group>"; };
		0C3DBAF81C6C13AA00401A2E /* Base */ = {isa = PBXFileReference; lastKnownFileType = file.storyboard; name = Base; path = Base.lproj/LaunchScreen.storyboard; sourceTree = "<group>"; };
		0C3DBAFA1C6C13AA00401A2E /* Info.plist */ = {isa = PBXFileReference; lastKnownFileType = text.plist.xml; path = Info.plist; sourceTree = "<group>"; };
		0C3DBAFF1C6C13AA00401A2E /* barrTests.xctest */ = {isa = PBXFileReference; explicitFileType = wrapper.cfbundle; includeInIndex = 0; path = barrTests.xctest; sourceTree = BUILT_PRODUCTS_DIR; };
		0C3DBB031C6C13AA00401A2E /* barrTests.swift */ = {isa = PBXFileReference; lastKnownFileType = sourcecode.swift; path = barrTests.swift; sourceTree = "<group>"; };
		0C3DBB051C6C13AA00401A2E /* Info.plist */ = {isa = PBXFileReference; lastKnownFileType = text.plist.xml; path = Info.plist; sourceTree = "<group>"; };
		0C3E1CD61C8A87C300BF5B81 /* extension.swift */ = {isa = PBXFileReference; fileEncoding = 4; lastKnownFileType = sourcecode.swift; path = extension.swift; sourceTree = "<group>"; };
		0C3EA7491C713A9D0039193B /* Account.storyboard */ = {isa = PBXFileReference; fileEncoding = 4; lastKnownFileType = file.storyboard; path = Account.storyboard; sourceTree = "<group>"; };
		0C44C62E1C7BCC3C00B8DF41 /* UserInfo.swift */ = {isa = PBXFileReference; fileEncoding = 4; lastKnownFileType = sourcecode.swift; path = UserInfo.swift; sourceTree = "<group>"; };
		0C44C6301C7BCC4B00B8DF41 /* Circle.swift */ = {isa = PBXFileReference; fileEncoding = 4; lastKnownFileType = sourcecode.swift; path = Circle.swift; sourceTree = "<group>"; };
		0C44C6361C7BCC8700B8DF41 /* Location.swift */ = {isa = PBXFileReference; fileEncoding = 4; lastKnownFileType = sourcecode.swift; path = Location.swift; sourceTree = "<group>"; };
		0C44DD2B1C6FE70D00B88039 /* AccountViewController.swift */ = {isa = PBXFileReference; fileEncoding = 4; lastKnownFileType = sourcecode.swift; path = AccountViewController.swift; sourceTree = "<group>"; };
		0C4E6A3C1C801E1F0092AE08 /* Chat.swift */ = {isa = PBXFileReference; fileEncoding = 4; lastKnownFileType = sourcecode.swift; path = Chat.swift; sourceTree = "<group>"; };
		0C4F14651C80990E0024105D /* CircleViewController.swift */ = {isa = PBXFileReference; fileEncoding = 4; lastKnownFileType = sourcecode.swift; path = CircleViewController.swift; sourceTree = "<group>"; };
		0C4F146A1C811B7D0024105D /* PhotoCollectionViewCell.swift */ = {isa = PBXFileReference; fileEncoding = 4; lastKnownFileType = sourcecode.swift; path = PhotoCollectionViewCell.swift; sourceTree = "<group>"; };
		0C5694571CA2E862001C4EA7 /* SelectAlbumViewController.swift */ = {isa = PBXFileReference; fileEncoding = 4; lastKnownFileType = sourcecode.swift; path = SelectAlbumViewController.swift; sourceTree = "<group>"; };
		0C5CBD3B1C8D2D360057B0C4 /* FacebookPhotoCell.swift */ = {isa = PBXFileReference; fileEncoding = 4; lastKnownFileType = sourcecode.swift; path = FacebookPhotoCell.swift; sourceTree = "<group>"; };
		0C5CBD3E1C8FD7E20057B0C4 /* FacebookPhotoCellInfo.swift */ = {isa = PBXFileReference; fileEncoding = 4; lastKnownFileType = sourcecode.swift; path = FacebookPhotoCellInfo.swift; sourceTree = "<group>"; };
		0CAB94591CAD9D430095D858 /* Feed.storyboard */ = {isa = PBXFileReference; fileEncoding = 4; lastKnownFileType = file.storyboard; path = Feed.storyboard; sourceTree = "<group>"; };
		0CAB945B1CADA2C90095D858 /* FeedTableViewCell.swift */ = {isa = PBXFileReference; fileEncoding = 4; lastKnownFileType = sourcecode.swift; path = FeedTableViewCell.swift; sourceTree = "<group>"; };
		0CAB945F1CADABBD0095D858 /* FeedViewController.swift */ = {isa = PBXFileReference; fileEncoding = 4; lastKnownFileType = sourcecode.swift; path = FeedViewController.swift; sourceTree = "<group>"; };
		0CAB94661CAF35EC0095D858 /* PrintBold.otf */ = {isa = PBXFileReference; lastKnownFileType = file; name = PrintBold.otf; path = ../PrintBold.otf; sourceTree = "<group>"; };
		0CAB94671CAF35EC0095D858 /* Lobster.otf */ = {isa = PBXFileReference; lastKnownFileType = file; name = Lobster.otf; path = ../Lobster.otf; sourceTree = "<group>"; };
		0CAE28701C776B4400CE4F92 /* Auth.swift */ = {isa = PBXFileReference; fileEncoding = 4; lastKnownFileType = sourcecode.swift; path = Auth.swift; sourceTree = "<group>"; };
		0CAE28721C78C72E00CE4F92 /* Login.storyboard */ = {isa = PBXFileReference; fileEncoding = 4; lastKnownFileType = file.storyboard; path = Login.storyboard; sourceTree = "<group>"; };
		0CC194651C92AA8000F3BD7A /* GMSMarkerLocation.swift */ = {isa = PBXFileReference; fileEncoding = 4; lastKnownFileType = sourcecode.swift; path = GMSMarkerLocation.swift; sourceTree = "<group>"; };
		0CC194691C97150E00F3BD7A /* LocationTracker.swift */ = {isa = PBXFileReference; fileEncoding = 4; lastKnownFileType = sourcecode.swift; path = LocationTracker.swift; sourceTree = "<group>"; };
		0CD31D321CB08C50004DF1F3 /* MyTabBarController.swift */ = {isa = PBXFileReference; fileEncoding = 4; lastKnownFileType = sourcecode.swift; path = MyTabBarController.swift; sourceTree = "<group>"; };
		0CD31D361CB22FB7004DF1F3 /* MyNavBarController.swift */ = {isa = PBXFileReference; fileEncoding = 4; lastKnownFileType = sourcecode.swift; path = MyNavBarController.swift; sourceTree = "<group>"; };
		0CD760041CA23B9500A811A1 /* AccountPictureCell.swift */ = {isa = PBXFileReference; fileEncoding = 4; lastKnownFileType = sourcecode.swift; path = AccountPictureCell.swift; sourceTree = "<group>"; };
		0CDF95601C9CE8D3007631AB /* UserPhotoCell.swift */ = {isa = PBXFileReference; fileEncoding = 4; lastKnownFileType = sourcecode.swift; path = UserPhotoCell.swift; sourceTree = "<group>"; };
		0CDF95621C9CE92A007631AB /* UserCellPhotoInfo.swift */ = {isa = PBXFileReference; fileEncoding = 4; lastKnownFileType = sourcecode.swift; path = UserCellPhotoInfo.swift; sourceTree = "<group>"; };
		0CE32B4C1C759E3000C61F98 /* Alamofire.swift */ = {isa = PBXFileReference; fileEncoding = 4; lastKnownFileType = sourcecode.swift; path = Alamofire.swift; sourceTree = "<group>"; };
		0CEA2AA81C82926800EA2631 /* Me.swift */ = {isa = PBXFileReference; fileEncoding = 4; lastKnownFileType = sourcecode.swift; path = Me.swift; sourceTree = "<group>"; };
		1E57B0860CCB306E6589A125 /* Pods_barr.framework */ = {isa = PBXFileReference; explicitFileType = wrapper.framework; includeInIndex = 0; path = Pods_barr.framework; sourceTree = BUILT_PRODUCTS_DIR; };
		203053111C8AA78E00FCC5DC /* ChatList.storyboard */ = {isa = PBXFileReference; fileEncoding = 4; lastKnownFileType = file.storyboard; path = ChatList.storyboard; sourceTree = "<group>"; };
		203053131C8AAF2100FCC5DC /* ChatListTableViewCell.swift */ = {isa = PBXFileReference; fileEncoding = 4; lastKnownFileType = sourcecode.swift; path = ChatListTableViewCell.swift; sourceTree = "<group>"; };
		203053151C8BD01D00FCC5DC /* ChatListViewController.swift */ = {isa = PBXFileReference; fileEncoding = 4; lastKnownFileType = sourcecode.swift; path = ChatListViewController.swift; sourceTree = "<group>"; };
		203053171C8CE0F100FCC5DC /* SingleChat.storyboard */ = {isa = PBXFileReference; fileEncoding = 4; lastKnownFileType = file.storyboard; path = SingleChat.storyboard; sourceTree = "<group>"; };
		203B828D1C82B5B900711838 /* SocketManager.swift */ = {isa = PBXFileReference; fileEncoding = 4; lastKnownFileType = sourcecode.swift; path = SocketManager.swift; sourceTree = "<group>"; };
		203B828F1C83FBCC00711838 /* ChatManager.swift */ = {isa = PBXFileReference; fileEncoding = 4; lastKnownFileType = sourcecode.swift; path = ChatManager.swift; sourceTree = "<group>"; };
		203B82911C8406EB00711838 /* Message.swift */ = {isa = PBXFileReference; fileEncoding = 4; lastKnownFileType = sourcecode.swift; path = Message.swift; sourceTree = "<group>"; };
		203B82951C85804800711838 /* ChatViewController.swift */ = {isa = PBXFileReference; fileEncoding = 4; lastKnownFileType = sourcecode.swift; path = ChatViewController.swift; sourceTree = "<group>"; };
		203B82971C858EC100711838 /* MessageTableViewCell.swift */ = {isa = PBXFileReference; fileEncoding = 4; lastKnownFileType = sourcecode.swift; path = MessageTableViewCell.swift; sourceTree = "<group>"; };
		207FCF2E1CA0E8FB0077BB35 /* InitialScreen.storyboard */ = {isa = PBXFileReference; fileEncoding = 4; lastKnownFileType = file.storyboard; path = InitialScreen.storyboard; sourceTree = "<group>"; };
		207FCF341CA9F59F0077BB35 /* InitialScreenViewController.swift */ = {isa = PBXFileReference; fileEncoding = 4; lastKnownFileType = sourcecode.swift; path = InitialScreenViewController.swift; sourceTree = "<group>"; };
		207FCF381CA9FD890077BB35 /* UserProfile.storyboard */ = {isa = PBXFileReference; fileEncoding = 4; lastKnownFileType = file.storyboard; path = UserProfile.storyboard; sourceTree = "<group>"; };
		207FCF3A1CAA025C0077BB35 /* UserProfileViewController.swift */ = {isa = PBXFileReference; fileEncoding = 4; lastKnownFileType = sourcecode.swift; path = UserProfileViewController.swift; sourceTree = "<group>"; };
		20E4894E1C9272FC00ED8FB0 /* helper.swift */ = {isa = PBXFileReference; fileEncoding = 4; lastKnownFileType = sourcecode.swift; path = helper.swift; sourceTree = "<group>"; };
		36CDFA35C0D7F6EA94DAAE26 /* Pods-barr.debug.xcconfig */ = {isa = PBXFileReference; includeInIndex = 1; lastKnownFileType = text.xcconfig; name = "Pods-barr.debug.xcconfig"; path = "Pods/Target Support Files/Pods-barr/Pods-barr.debug.xcconfig"; sourceTree = "<group>"; };
		433DC74FE6359325AE41CE9E /* Pods-barr.release.xcconfig */ = {isa = PBXFileReference; includeInIndex = 1; lastKnownFileType = text.xcconfig; name = "Pods-barr.release.xcconfig"; path = "Pods/Target Support Files/Pods-barr/Pods-barr.release.xcconfig"; sourceTree = "<group>"; };
/* End PBXFileReference section */

/* Begin PBXFrameworksBuildPhase section */
		0C3DBAE81C6C13AA00401A2E /* Frameworks */ = {
			isa = PBXFrameworksBuildPhase;
			buildActionMask = 2147483647;
			files = (
				6C53F475284FCDC6D9E0BB24 /* Pods_barr.framework in Frameworks */,
			);
			runOnlyForDeploymentPostprocessing = 0;
		};
		0C3DBAFC1C6C13AA00401A2E /* Frameworks */ = {
			isa = PBXFrameworksBuildPhase;
			buildActionMask = 2147483647;
			files = (
			);
			runOnlyForDeploymentPostprocessing = 0;
		};
/* End PBXFrameworksBuildPhase section */

/* Begin PBXGroup section */
		0C0ECBD51C6C3E8800252B51 /* API */ = {
			isa = PBXGroup;
			children = (
				0CE32B4C1C759E3000C61F98 /* Alamofire.swift */,
				0CC194651C92AA8000F3BD7A /* GMSMarkerLocation.swift */,
			);
			name = API;
			sourceTree = "<group>";
		};
		0C2346041C8BB61600250B3E /* Helpers */ = {
			isa = PBXGroup;
			children = (
				0C3E1CD61C8A87C300BF5B81 /* extension.swift */,
				0C2346051C8BB64D00250B3E /* DownImage.swift */,
			);
			name = Helpers;
			sourceTree = "<group>";
		};
		0C39264A1C6C148700CF343B /* models */ = {
			isa = PBXGroup;
			children = (
				0C44C6361C7BCC8700B8DF41 /* Location.swift */,
				0C44C6301C7BCC4B00B8DF41 /* Circle.swift */,
				0C44C62E1C7BCC3C00B8DF41 /* UserInfo.swift */,
				0CAE28701C776B4400CE4F92 /* Auth.swift */,
				0C1A9A311C7CA93600C5658F /* ErrorHandler.swift */,
				0C4E6A3C1C801E1F0092AE08 /* Chat.swift */,
				0CEA2AA81C82926800EA2631 /* Me.swift */,
				203B828D1C82B5B900711838 /* SocketManager.swift */,
				203B828F1C83FBCC00711838 /* ChatManager.swift */,
				203B82911C8406EB00711838 /* Message.swift */,
				0CC194691C97150E00F3BD7A /* LocationTracker.swift */,
			);
			name = models;
			sourceTree = "<group>";
		};
		0C3DBAE21C6C13AA00401A2E = {
			isa = PBXGroup;
			children = (
				0C3DBAED1C6C13AA00401A2E /* barr */,
				0C3DBAEC1C6C13AA00401A2E /* Products */,
				8E1BF388F794BBA402184DB1 /* Pods */,
				72F88393BF59F01C488CEB74 /* Frameworks */,
			);
			sourceTree = "<group>";
		};
		0C3DBAEC1C6C13AA00401A2E /* Products */ = {
			isa = PBXGroup;
			children = (
				0C3DBAEB1C6C13AA00401A2E /* barr.app */,
				0C3DBAFF1C6C13AA00401A2E /* barrTests.xctest */,
			);
			name = Products;
			sourceTree = "<group>";
		};
		0C3DBAED1C6C13AA00401A2E /* barr */ = {
			isa = PBXGroup;
			children = (
				0C3DBAEE1C6C13AA00401A2E /* AppDelegate.swift */,
				0C3EA7481C713A4D0039193B /* Storyboards */,
				0C44DD2A1C6FE6D500B88039 /* ViewControllers */,
				0C0ECBD51C6C3E8800252B51 /* API */,
				0C39264A1C6C148700CF343B /* models */,
				0C3DBAF51C6C13AA00401A2E /* Assets.xcassets */,
				0C3DBAFA1C6C13AA00401A2E /* Info.plist */,
				0CAB94611CAF2F5D0095D858 /* Resources */,
				20E4894E1C9272FC00ED8FB0 /* helper.swift */,
				0C2346041C8BB61600250B3E /* Helpers */,
				0C5CBD3D1C8D2E640057B0C4 /* CellTypes */,
			);
			path = barr;
			sourceTree = "<group>";
		};
		0C3DBB021C6C13AA00401A2E /* barrTests */ = {
			isa = PBXGroup;
			children = (
				0C3DBB031C6C13AA00401A2E /* barrTests.swift */,
				0C3DBB051C6C13AA00401A2E /* Info.plist */,
			);
			path = barrTests;
			sourceTree = "<group>";
		};
		0C3EA7481C713A4D0039193B /* Storyboards */ = {
			isa = PBXGroup;
			children = (
				0C3DBAF71C6C13AA00401A2E /* LaunchScreen.storyboard */,
				0C3DBAF21C6C13AA00401A2E /* Main.storyboard */,
				0C3EA7491C713A9D0039193B /* Account.storyboard */,
				0CAE28721C78C72E00CE4F92 /* Login.storyboard */,
				0C1A9A331C7CFCBF00C5658F /* JoinCircle.storyboard */,
				0C2346001C8B6FC100250B3E /* SelectPhotos.storyboard */,
				203053111C8AA78E00FCC5DC /* ChatList.storyboard */,
				203053171C8CE0F100FCC5DC /* SingleChat.storyboard */,
				207FCF2E1CA0E8FB0077BB35 /* InitialScreen.storyboard */,
				207FCF381CA9FD890077BB35 /* UserProfile.storyboard */,
				0CAB94591CAD9D430095D858 /* Feed.storyboard */,
			);
			name = Storyboards;
			sourceTree = "<group>";
		};
		0C44DD2A1C6FE6D500B88039 /* ViewControllers */ = {
			isa = PBXGroup;
			children = (
				207FCF341CA9F59F0077BB35 /* InitialScreenViewController.swift */,
				0C0074281C725D91008E9652 /* LoginViewController.swift */,
				0C3DBAF01C6C13AA00401A2E /* MapViewController.swift */,
				0C4F14651C80990E0024105D /* CircleViewController.swift */,
				203B82951C85804800711838 /* ChatViewController.swift */,
				203053151C8BD01D00FCC5DC /* ChatListViewController.swift */,
				0C44DD2B1C6FE70D00B88039 /* AccountViewController.swift */,
				0C5694571CA2E862001C4EA7 /* SelectAlbumViewController.swift */,
				0C2346021C8B70B400250B3E /* SelectPhotosViewController.swift */,
				207FCF3A1CAA025C0077BB35 /* UserProfileViewController.swift */,
				0CAB945F1CADABBD0095D858 /* FeedViewController.swift */,
				0CD31D321CB08C50004DF1F3 /* MyTabBarController.swift */,
				0CD31D361CB22FB7004DF1F3 /* MyNavBarController.swift */,
			);
			name = ViewControllers;
			sourceTree = "<group>";
		};
		0C5CBD3D1C8D2E640057B0C4 /* CellTypes */ = {
			isa = PBXGroup;
			children = (
				203B82971C858EC100711838 /* MessageTableViewCell.swift */,
				203053131C8AAF2100FCC5DC /* ChatListTableViewCell.swift */,
				0CD760041CA23B9500A811A1 /* AccountPictureCell.swift */,
				0C5CBD3E1C8FD7E20057B0C4 /* FacebookPhotoCellInfo.swift */,
				0C5CBD3B1C8D2D360057B0C4 /* FacebookPhotoCell.swift */,
				0C4F146A1C811B7D0024105D /* PhotoCollectionViewCell.swift */,
				0CDF95601C9CE8D3007631AB /* UserPhotoCell.swift */,
				0CDF95621C9CE92A007631AB /* UserCellPhotoInfo.swift */,
				0CAB945B1CADA2C90095D858 /* FeedTableViewCell.swift */,
			);
			name = CellTypes;
			sourceTree = "<group>";
		};
		0CAB94611CAF2F5D0095D858 /* Resources */ = {
			isa = PBXGroup;
			children = (
				0CAB94661CAF35EC0095D858 /* PrintBold.otf */,
				0CAB94671CAF35EC0095D858 /* Lobster.otf */,
			);
			name = Resources;
			sourceTree = "<group>";
		};
		72F88393BF59F01C488CEB74 /* Frameworks */ = {
			isa = PBXGroup;
			children = (
				0C3DBB021C6C13AA00401A2E /* barrTests */,
				1E57B0860CCB306E6589A125 /* Pods_barr.framework */,
			);
			name = Frameworks;
			sourceTree = "<group>";
		};
		8E1BF388F794BBA402184DB1 /* Pods */ = {
			isa = PBXGroup;
			children = (
				36CDFA35C0D7F6EA94DAAE26 /* Pods-barr.debug.xcconfig */,
				433DC74FE6359325AE41CE9E /* Pods-barr.release.xcconfig */,
			);
			name = Pods;
			sourceTree = "<group>";
		};
/* End PBXGroup section */

/* Begin PBXNativeTarget section */
		0C3DBAEA1C6C13AA00401A2E /* barr */ = {
			isa = PBXNativeTarget;
			buildConfigurationList = 0C3DBB081C6C13AA00401A2E /* Build configuration list for PBXNativeTarget "barr" */;
			buildPhases = (
				D89E7901F0AF3FE5D4A8E824 /* Check Pods Manifest.lock */,
				0C3DBAE71C6C13AA00401A2E /* Sources */,
				0C3DBAE81C6C13AA00401A2E /* Frameworks */,
				0C3DBAE91C6C13AA00401A2E /* Resources */,
				E242335F1007F8EB93905292 /* Embed Pods Frameworks */,
				93D70116D49FA7F9DEB1374B /* Copy Pods Resources */,
			);
			buildRules = (
			);
			dependencies = (
			);
			name = barr;
			productName = barr;
			productReference = 0C3DBAEB1C6C13AA00401A2E /* barr.app */;
			productType = "com.apple.product-type.application";
		};
		0C3DBAFE1C6C13AA00401A2E /* barrTests */ = {
			isa = PBXNativeTarget;
			buildConfigurationList = 0C3DBB0B1C6C13AA00401A2E /* Build configuration list for PBXNativeTarget "barrTests" */;
			buildPhases = (
				0C3DBAFB1C6C13AA00401A2E /* Sources */,
				0C3DBAFC1C6C13AA00401A2E /* Frameworks */,
				0C3DBAFD1C6C13AA00401A2E /* Resources */,
			);
			buildRules = (
			);
			dependencies = (
				0C3DBB011C6C13AA00401A2E /* PBXTargetDependency */,
			);
			name = barrTests;
			productName = barrTests;
			productReference = 0C3DBAFF1C6C13AA00401A2E /* barrTests.xctest */;
			productType = "com.apple.product-type.bundle.unit-test";
		};
/* End PBXNativeTarget section */

/* Begin PBXProject section */
		0C3DBAE31C6C13AA00401A2E /* Project object */ = {
			isa = PBXProject;
			attributes = {
				LastSwiftUpdateCheck = 0720;
				LastUpgradeCheck = 0720;
				ORGANIZATIONNAME = barrapp;
				TargetAttributes = {
					0C3DBAEA1C6C13AA00401A2E = {
						CreatedOnToolsVersion = 7.2.1;
						DevelopmentTeam = Q3NWX7AS93;
					};
					0C3DBAFE1C6C13AA00401A2E = {
						CreatedOnToolsVersion = 7.2.1;
						DevelopmentTeam = Q3NWX7AS93;
						TestTargetID = 0C3DBAEA1C6C13AA00401A2E;
					};
				};
			};
			buildConfigurationList = 0C3DBAE61C6C13AA00401A2E /* Build configuration list for PBXProject "barr" */;
			compatibilityVersion = "Xcode 3.2";
			developmentRegion = English;
			hasScannedForEncodings = 0;
			knownRegions = (
				en,
				Base,
			);
			mainGroup = 0C3DBAE21C6C13AA00401A2E;
			productRefGroup = 0C3DBAEC1C6C13AA00401A2E /* Products */;
			projectDirPath = "";
			projectRoot = "";
			targets = (
				0C3DBAEA1C6C13AA00401A2E /* barr */,
				0C3DBAFE1C6C13AA00401A2E /* barrTests */,
			);
		};
/* End PBXProject section */

/* Begin PBXResourcesBuildPhase section */
		0C3DBAE91C6C13AA00401A2E /* Resources */ = {
			isa = PBXResourcesBuildPhase;
			buildActionMask = 2147483647;
			files = (
				0C2346011C8B6FC100250B3E /* SelectPhotos.storyboard in Resources */,
				203053121C8AA78E00FCC5DC /* ChatList.storyboard in Resources */,
				0CAB946A1CAF3B880095D858 /* PrintBold.otf in Resources */,
				0CAB945A1CAD9D430095D858 /* Feed.storyboard in Resources */,
				0C4F14671C80A1350024105D /* JoinCircle.storyboard in Resources */,
				0C3DBAF41C6C13AA00401A2E /* Main.storyboard in Resources */,
				0CAB94691CAF35EC0095D858 /* Lobster.otf in Resources */,
				0C3DBAF91C6C13AA00401A2E /* LaunchScreen.storyboard in Resources */,
				0C3DBAF61C6C13AA00401A2E /* Assets.xcassets in Resources */,
				203053181C8CE0F100FCC5DC /* SingleChat.storyboard in Resources */,
				0CAE28731C78C72E00CE4F92 /* Login.storyboard in Resources */,
				207FCF391CA9FD890077BB35 /* UserProfile.storyboard in Resources */,
				0C3EA74A1C713A9D0039193B /* Account.storyboard in Resources */,
				207FCF2F1CA0E8FB0077BB35 /* InitialScreen.storyboard in Resources */,
			);
			runOnlyForDeploymentPostprocessing = 0;
		};
		0C3DBAFD1C6C13AA00401A2E /* Resources */ = {
			isa = PBXResourcesBuildPhase;
			buildActionMask = 2147483647;
			files = (
			);
			runOnlyForDeploymentPostprocessing = 0;
		};
/* End PBXResourcesBuildPhase section */

/* Begin PBXShellScriptBuildPhase section */
		93D70116D49FA7F9DEB1374B /* Copy Pods Resources */ = {
			isa = PBXShellScriptBuildPhase;
			buildActionMask = 2147483647;
			files = (
			);
			inputPaths = (
			);
			name = "Copy Pods Resources";
			outputPaths = (
			);
			runOnlyForDeploymentPostprocessing = 0;
			shellPath = /bin/sh;
			shellScript = "\"${SRCROOT}/Pods/Target Support Files/Pods-barr/Pods-barr-resources.sh\"\n";
			showEnvVarsInLog = 0;
		};
		D89E7901F0AF3FE5D4A8E824 /* Check Pods Manifest.lock */ = {
			isa = PBXShellScriptBuildPhase;
			buildActionMask = 2147483647;
			files = (
			);
			inputPaths = (
			);
			name = "Check Pods Manifest.lock";
			outputPaths = (
			);
			runOnlyForDeploymentPostprocessing = 0;
			shellPath = /bin/sh;
			shellScript = "diff \"${PODS_ROOT}/../Podfile.lock\" \"${PODS_ROOT}/Manifest.lock\" > /dev/null\nif [[ $? != 0 ]] ; then\n    cat << EOM\nerror: The sandbox is not in sync with the Podfile.lock. Run 'pod install' or update your CocoaPods installation.\nEOM\n    exit 1\nfi\n";
			showEnvVarsInLog = 0;
		};
		E242335F1007F8EB93905292 /* Embed Pods Frameworks */ = {
			isa = PBXShellScriptBuildPhase;
			buildActionMask = 2147483647;
			files = (
			);
			inputPaths = (
			);
			name = "Embed Pods Frameworks";
			outputPaths = (
			);
			runOnlyForDeploymentPostprocessing = 0;
			shellPath = /bin/sh;
			shellScript = "\"${SRCROOT}/Pods/Target Support Files/Pods-barr/Pods-barr-frameworks.sh\"\n";
			showEnvVarsInLog = 0;
		};
/* End PBXShellScriptBuildPhase section */

/* Begin PBXSourcesBuildPhase section */
		0C3DBAE71C6C13AA00401A2E /* Sources */ = {
			isa = PBXSourcesBuildPhase;
			buildActionMask = 2147483647;
			files = (
				0C44C6371C7BCC8700B8DF41 /* Location.swift in Sources */,
				0CD31D331CB08C50004DF1F3 /* MyTabBarController.swift in Sources */,
				203B82901C83FBCC00711838 /* ChatManager.swift in Sources */,
				203B82981C858EC100711838 /* MessageTableViewCell.swift in Sources */,
				0C44C6311C7BCC4B00B8DF41 /* Circle.swift in Sources */,
				20E4894F1C9272FC00ED8FB0 /* helper.swift in Sources */,
				0C3E1CD71C8A87C300BF5B81 /* extension.swift in Sources */,
				0C3DBAF11C6C13AA00401A2E /* MapViewController.swift in Sources */,
				0C4F14661C80990E0024105D /* CircleViewController.swift in Sources */,
				0CDF95631C9CE92A007631AB /* UserCellPhotoInfo.swift in Sources */,
				0CAE28711C776B4400CE4F92 /* Auth.swift in Sources */,
				0CD760051CA23B9500A811A1 /* AccountPictureCell.swift in Sources */,
				0CC194661C92AA8000F3BD7A /* GMSMarkerLocation.swift in Sources */,
				0C5CBD3C1C8D2D360057B0C4 /* FacebookPhotoCell.swift in Sources */,
				0C3DBAEF1C6C13AA00401A2E /* AppDelegate.swift in Sources */,
				0C2346061C8BB64D00250B3E /* DownImage.swift in Sources */,
				0CD31D371CB22FB7004DF1F3 /* MyNavBarController.swift in Sources */,
				203B82961C85804800711838 /* ChatViewController.swift in Sources */,
				0CE32B4D1C759E3000C61F98 /* Alamofire.swift in Sources */,
				0C44C62F1C7BCC3C00B8DF41 /* UserInfo.swift in Sources */,
				207FCF351CA9F59F0077BB35 /* InitialScreenViewController.swift in Sources */,
				0C0074291C725D91008E9652 /* LoginViewController.swift in Sources */,
				0C5CBD3F1C8FD7E20057B0C4 /* FacebookPhotoCellInfo.swift in Sources */,
				0C4F146B1C811B7D0024105D /* PhotoCollectionViewCell.swift in Sources */,
				203053141C8AAF2100FCC5DC /* ChatListTableViewCell.swift in Sources */,
				203B828E1C82B5B900711838 /* SocketManager.swift in Sources */,
				203B82921C8406EB00711838 /* Message.swift in Sources */,
				0CAB94601CADABBD0095D858 /* FeedViewController.swift in Sources */,
				0CAB945C1CADA2C90095D858 /* FeedTableViewCell.swift in Sources */,
				207FCF3B1CAA025C0077BB35 /* UserProfileViewController.swift in Sources */,
				0C4E6A3D1C801E1F0092AE08 /* Chat.swift in Sources */,
				203053161C8BD01D00FCC5DC /* ChatListViewController.swift in Sources */,
				0CDF95611C9CE8D3007631AB /* UserPhotoCell.swift in Sources */,
				0C1A9A321C7CA93600C5658F /* ErrorHandler.swift in Sources */,
				0CEA2AA91C82926800EA2631 /* Me.swift in Sources */,
				0C2346031C8B70B400250B3E /* SelectPhotosViewController.swift in Sources */,
				0C44DD2C1C6FE70D00B88039 /* AccountViewController.swift in Sources */,
				0C5694581CA2E862001C4EA7 /* SelectAlbumViewController.swift in Sources */,
				0CC1946A1C97150E00F3BD7A /* LocationTracker.swift in Sources */,
			);
			runOnlyForDeploymentPostprocessing = 0;
		};
		0C3DBAFB1C6C13AA00401A2E /* Sources */ = {
			isa = PBXSourcesBuildPhase;
			buildActionMask = 2147483647;
			files = (
				0C3DBB041C6C13AA00401A2E /* barrTests.swift in Sources */,
			);
			runOnlyForDeploymentPostprocessing = 0;
		};
/* End PBXSourcesBuildPhase section */

/* Begin PBXTargetDependency section */
		0C3DBB011C6C13AA00401A2E /* PBXTargetDependency */ = {
			isa = PBXTargetDependency;
			target = 0C3DBAEA1C6C13AA00401A2E /* barr */;
			targetProxy = 0C3DBB001C6C13AA00401A2E /* PBXContainerItemProxy */;
		};
/* End PBXTargetDependency section */

/* Begin PBXVariantGroup section */
		0C3DBAF21C6C13AA00401A2E /* Main.storyboard */ = {
			isa = PBXVariantGroup;
			children = (
				0C3DBAF31C6C13AA00401A2E /* Base */,
			);
			name = Main.storyboard;
			sourceTree = "<group>";
		};
		0C3DBAF71C6C13AA00401A2E /* LaunchScreen.storyboard */ = {
			isa = PBXVariantGroup;
			children = (
				0C3DBAF81C6C13AA00401A2E /* Base */,
			);
			name = LaunchScreen.storyboard;
			sourceTree = "<group>";
		};
/* End PBXVariantGroup section */

/* Begin XCBuildConfiguration section */
		0C3DBB061C6C13AA00401A2E /* Debug */ = {
			isa = XCBuildConfiguration;
			buildSettings = {
				ALWAYS_SEARCH_USER_PATHS = NO;
				CLANG_CXX_LANGUAGE_STANDARD = "gnu++0x";
				CLANG_CXX_LIBRARY = "libc++";
				CLANG_ENABLE_MODULES = YES;
				CLANG_ENABLE_OBJC_ARC = YES;
				CLANG_WARN_BOOL_CONVERSION = YES;
				CLANG_WARN_CONSTANT_CONVERSION = YES;
				CLANG_WARN_DIRECT_OBJC_ISA_USAGE = YES_ERROR;
				CLANG_WARN_EMPTY_BODY = YES;
				CLANG_WARN_ENUM_CONVERSION = YES;
				CLANG_WARN_INT_CONVERSION = YES;
				CLANG_WARN_OBJC_ROOT_CLASS = YES_ERROR;
				CLANG_WARN_UNREACHABLE_CODE = YES;
				CLANG_WARN__DUPLICATE_METHOD_MATCH = YES;
				"CODE_SIGN_IDENTITY[sdk=iphoneos*]" = "iPhone Developer";
				COPY_PHASE_STRIP = NO;
				DEBUG_INFORMATION_FORMAT = dwarf;
				ENABLE_STRICT_OBJC_MSGSEND = YES;
				ENABLE_TESTABILITY = YES;
				GCC_C_LANGUAGE_STANDARD = gnu99;
				GCC_DYNAMIC_NO_PIC = NO;
				GCC_NO_COMMON_BLOCKS = YES;
				GCC_OPTIMIZATION_LEVEL = 0;
				GCC_PREPROCESSOR_DEFINITIONS = (
					"DEBUG=1",
					"$(inherited)",
				);
				GCC_WARN_64_TO_32_BIT_CONVERSION = YES;
				GCC_WARN_ABOUT_RETURN_TYPE = YES_ERROR;
				GCC_WARN_UNDECLARED_SELECTOR = YES;
				GCC_WARN_UNINITIALIZED_AUTOS = YES_AGGRESSIVE;
				GCC_WARN_UNUSED_FUNCTION = YES;
				GCC_WARN_UNUSED_VARIABLE = YES;
				IPHONEOS_DEPLOYMENT_TARGET = 9.2;
				MTL_ENABLE_DEBUG_INFO = YES;
				ONLY_ACTIVE_ARCH = YES;
				SDKROOT = iphoneos;
				SWIFT_OPTIMIZATION_LEVEL = "-Onone";
			};
			name = Debug;
		};
		0C3DBB071C6C13AA00401A2E /* Release */ = {
			isa = XCBuildConfiguration;
			buildSettings = {
				ALWAYS_SEARCH_USER_PATHS = NO;
				CLANG_CXX_LANGUAGE_STANDARD = "gnu++0x";
				CLANG_CXX_LIBRARY = "libc++";
				CLANG_ENABLE_MODULES = YES;
				CLANG_ENABLE_OBJC_ARC = YES;
				CLANG_WARN_BOOL_CONVERSION = YES;
				CLANG_WARN_CONSTANT_CONVERSION = YES;
				CLANG_WARN_DIRECT_OBJC_ISA_USAGE = YES_ERROR;
				CLANG_WARN_EMPTY_BODY = YES;
				CLANG_WARN_ENUM_CONVERSION = YES;
				CLANG_WARN_INT_CONVERSION = YES;
				CLANG_WARN_OBJC_ROOT_CLASS = YES_ERROR;
				CLANG_WARN_UNREACHABLE_CODE = YES;
				CLANG_WARN__DUPLICATE_METHOD_MATCH = YES;
				"CODE_SIGN_IDENTITY[sdk=iphoneos*]" = "iPhone Developer";
				COPY_PHASE_STRIP = NO;
				DEBUG_INFORMATION_FORMAT = "dwarf-with-dsym";
				ENABLE_NS_ASSERTIONS = NO;
				ENABLE_STRICT_OBJC_MSGSEND = YES;
				GCC_C_LANGUAGE_STANDARD = gnu99;
				GCC_NO_COMMON_BLOCKS = YES;
				GCC_WARN_64_TO_32_BIT_CONVERSION = YES;
				GCC_WARN_ABOUT_RETURN_TYPE = YES_ERROR;
				GCC_WARN_UNDECLARED_SELECTOR = YES;
				GCC_WARN_UNINITIALIZED_AUTOS = YES_AGGRESSIVE;
				GCC_WARN_UNUSED_FUNCTION = YES;
				GCC_WARN_UNUSED_VARIABLE = YES;
				IPHONEOS_DEPLOYMENT_TARGET = 9.2;
				MTL_ENABLE_DEBUG_INFO = NO;
				SDKROOT = iphoneos;
				VALIDATE_PRODUCT = YES;
			};
			name = Release;
		};
		0C3DBB091C6C13AA00401A2E /* Debug */ = {
			isa = XCBuildConfiguration;
			baseConfigurationReference = 36CDFA35C0D7F6EA94DAAE26 /* Pods-barr.debug.xcconfig */;
			buildSettings = {
				ASSETCATALOG_COMPILER_APPICON_NAME = AppIcon;
				ASSETCATALOG_COMPILER_LAUNCHIMAGE_NAME = "Brand Assets";
				CODE_SIGN_IDENTITY = "iPhone Developer";
				"CODE_SIGN_IDENTITY[sdk=iphoneos*]" = "iPhone Developer";
				INFOPLIST_FILE = barr/Info.plist;
				LD_RUNPATH_SEARCH_PATHS = "$(inherited) @executable_path/Frameworks";
				PRODUCT_BUNDLE_IDENTIFIER = com.barrapp.barr;
				PRODUCT_NAME = "$(TARGET_NAME)";
				PROVISIONING_PROFILE = "";
			};
			name = Debug;
		};
		0C3DBB0A1C6C13AA00401A2E /* Release */ = {
			isa = XCBuildConfiguration;
			baseConfigurationReference = 433DC74FE6359325AE41CE9E /* Pods-barr.release.xcconfig */;
			buildSettings = {
				ASSETCATALOG_COMPILER_APPICON_NAME = AppIcon;
				ASSETCATALOG_COMPILER_LAUNCHIMAGE_NAME = "Brand Assets";
				CODE_SIGN_IDENTITY = "iPhone Developer";
				"CODE_SIGN_IDENTITY[sdk=iphoneos*]" = "iPhone Developer";
				INFOPLIST_FILE = barr/Info.plist;
				LD_RUNPATH_SEARCH_PATHS = "$(inherited) @executable_path/Frameworks";
				PRODUCT_BUNDLE_IDENTIFIER = com.barrapp.barr;
				PRODUCT_NAME = "$(TARGET_NAME)";
				PROVISIONING_PROFILE = "";
				SWIFT_OPTIMIZATION_LEVEL = "-O";
			};
			name = Release;
		};
		0C3DBB0C1C6C13AA00401A2E /* Debug */ = {
			isa = XCBuildConfiguration;
			buildSettings = {
				BUNDLE_LOADER = "$(TEST_HOST)";
				INFOPLIST_FILE = barrTests/Info.plist;
				LD_RUNPATH_SEARCH_PATHS = "$(inherited) @executable_path/Frameworks @loader_path/Frameworks";
				PRODUCT_BUNDLE_IDENTIFIER = com.barr.barrTests;
				PRODUCT_NAME = "$(TARGET_NAME)";
				TEST_HOST = "$(BUILT_PRODUCTS_DIR)/barr.app/barr";
			};
			name = Debug;
		};
		0C3DBB0D1C6C13AA00401A2E /* Release */ = {
			isa = XCBuildConfiguration;
			buildSettings = {
				BUNDLE_LOADER = "$(TEST_HOST)";
				INFOPLIST_FILE = barrTests/Info.plist;
				LD_RUNPATH_SEARCH_PATHS = "$(inherited) @executable_path/Frameworks @loader_path/Frameworks";
				PRODUCT_BUNDLE_IDENTIFIER = com.barr.barrTests;
				PRODUCT_NAME = "$(TARGET_NAME)";
				TEST_HOST = "$(BUILT_PRODUCTS_DIR)/barr.app/barr";
			};
			name = Release;
		};
/* End XCBuildConfiguration section */

/* Begin XCConfigurationList section */
		0C3DBAE61C6C13AA00401A2E /* Build configuration list for PBXProject "barr" */ = {
			isa = XCConfigurationList;
			buildConfigurations = (
				0C3DBB061C6C13AA00401A2E /* Debug */,
				0C3DBB071C6C13AA00401A2E /* Release */,
			);
			defaultConfigurationIsVisible = 0;
			defaultConfigurationName = Release;
		};
		0C3DBB081C6C13AA00401A2E /* Build configuration list for PBXNativeTarget "barr" */ = {
			isa = XCConfigurationList;
			buildConfigurations = (
				0C3DBB091C6C13AA00401A2E /* Debug */,
				0C3DBB0A1C6C13AA00401A2E /* Release */,
			);
			defaultConfigurationIsVisible = 0;
			defaultConfigurationName = Release;
		};
		0C3DBB0B1C6C13AA00401A2E /* Build configuration list for PBXNativeTarget "barrTests" */ = {
			isa = XCConfigurationList;
			buildConfigurations = (
				0C3DBB0C1C6C13AA00401A2E /* Debug */,
				0C3DBB0D1C6C13AA00401A2E /* Release */,
			);
			defaultConfigurationIsVisible = 0;
			defaultConfigurationName = Release;
		};
/* End XCConfigurationList section */
	};
	rootObject = 0C3DBAE31C6C13AA00401A2E /* Project object */;
}
